
Microsoft Visual Studio Solution File, Format Version 12.00
# Visual Studio Version 17
VisualStudioVersion = 17.9.34622.214
MinimumVisualStudioVersion = 10.0.40219.1
Project("{2150E333-8FDC-42A3-9474-1A3956D46DE8}") = "1 -  Presentation", "1 -  Presentation", "{821534B9-33FB-410F-A9C8-746258188E92}"
EndProject
Project("{2150E333-8FDC-42A3-9474-1A3956D46DE8}") = "2 - Services", "2 - Services", "{65E2E803-97C7-4F82-B267-95DC07ECDC4F}"
EndProject
Project("{2150E333-8FDC-42A3-9474-1A3956D46DE8}") = "3 - Application", "3 - Application", "{DA335209-154E-4CFF-9262-95E89E61B257}"
EndProject
Project("{2150E333-8FDC-42A3-9474-1A3956D46DE8}") = "4 - Domain", "4 - Domain", "{7E553160-76DE-4652-B0B2-6E0F53813B2A}"
EndProject
Project("{2150E333-8FDC-42A3-9474-1A3956D46DE8}") = "5 - Infra", "5 - Infra", "{8B3EDD69-A336-4D48-BE77-F0E8B518B55D}"
EndProject
Project("{2150E333-8FDC-42A3-9474-1A3956D46DE8}") = "Tests", "Tests", "{41014CA2-25C0-4A8D-8215-56691EAAE817}"
EndProject
Project("{FAE04EC0-301F-11D3-BF4B-00C04F79EFBC}") = "Develop.Store.Web.Api", "Develop.Store.Web.Api\Develop.Store.Web.Api.csproj", "{C5836739-26F4-4A14-B9E8-B6C04F3F2792}"
EndProject
Project("{FAE04EC0-301F-11D3-BF4B-00C04F79EFBC}") = "Develop.Store.Services", "Develop.Store.Services\Develop.Store.Services.csproj", "{D5C2F6E1-26CB-4FDB-B6DE-7B73F383105C}"
EndProject
Project("{FAE04EC0-301F-11D3-BF4B-00C04F79EFBC}") = "Develop.Store.Domain", "Develop.Store.Domain\Develop.Store.Domain.csproj", "{4A53A2EC-9CBD-4866-8E32-E9ACEA5A5EA0}"
EndProject
Project("{2150E333-8FDC-42A3-9474-1A3956D46DE8}") = "5.1 - Data", "5.1 - Data", "{D634B0E8-8108-4636-A90D-041F48FCE961}"
EndProject
Project("{2150E333-8FDC-42A3-9474-1A3956D46DE8}") = "5.2 - Setup", "5.2 - Setup", "{EA3A3411-8B44-4242-AB84-76253C5B9A35}"
EndProject
Project("{FAE04EC0-301F-11D3-BF4B-00C04F79EFBC}") = "Develop.Store.Infra.Data", "Develop.Store.Infra.Data\Develop.Store.Infra.Data.csproj", "{F11B76C2-D145-421B-9A70-DED2ECA19574}"
EndProject
Project("{FAE04EC0-301F-11D3-BF4B-00C04F79EFBC}") = "Develop.Store.Infra.Setup", "Develop.Store.Infra.Setup\Develop.Store.Infra.Setup.csproj", "{5360428D-5598-4EA3-B822-13130AA3A610}"
EndProject
Global
	GlobalSection(SolutionConfigurationPlatforms) = preSolution
		Debug|Any CPU = Debug|Any CPU
		Release|Any CPU = Release|Any CPU
	EndGlobalSection
	GlobalSection(ProjectConfigurationPlatforms) = postSolution
		{C5836739-26F4-4A14-B9E8-B6C04F3F2792}.Debug|Any CPU.ActiveCfg = Debug|Any CPU
		{C5836739-26F4-4A14-B9E8-B6C04F3F2792}.Debug|Any CPU.Build.0 = Debug|Any CPU
		{C5836739-26F4-4A14-B9E8-B6C04F3F2792}.Release|Any CPU.ActiveCfg = Release|Any CPU
		{C5836739-26F4-4A14-B9E8-B6C04F3F2792}.Release|Any CPU.Build.0 = Release|Any CPU
		{D5C2F6E1-26CB-4FDB-B6DE-7B73F383105C}.Debug|Any CPU.ActiveCfg = Debug|Any CPU
		{D5C2F6E1-26CB-4FDB-B6DE-7B73F383105C}.Debug|Any CPU.Build.0 = Debug|Any CPU
		{D5C2F6E1-26CB-4FDB-B6DE-7B73F383105C}.Release|Any CPU.ActiveCfg = Release|Any CPU
		{D5C2F6E1-26CB-4FDB-B6DE-7B73F383105C}.Release|Any CPU.Build.0 = Release|Any CPU
		{4A53A2EC-9CBD-4866-8E32-E9ACEA5A5EA0}.Debug|Any CPU.ActiveCfg = Debug|Any CPU
		{4A53A2EC-9CBD-4866-8E32-E9ACEA5A5EA0}.Debug|Any CPU.Build.0 = Debug|Any CPU
		{4A53A2EC-9CBD-4866-8E32-E9ACEA5A5EA0}.Release|Any CPU.ActiveCfg = Release|Any CPU
		{4A53A2EC-9CBD-4866-8E32-E9ACEA5A5EA0}.Release|Any CPU.Build.0 = Release|Any CPU
		{F11B76C2-D145-421B-9A70-DED2ECA19574}.Debug|Any CPU.ActiveCfg = Debug|Any CPU
		{F11B76C2-D145-421B-9A70-DED2ECA19574}.Debug|Any CPU.Build.0 = Debug|Any CPU
		{F11B76C2-D145-421B-9A70-DED2ECA19574}.Release|Any CPU.ActiveCfg = Release|Any CPU
		{F11B76C2-D145-421B-9A70-DED2ECA19574}.Release|Any CPU.Build.0 = Release|Any CPU
		{5360428D-5598-4EA3-B822-13130AA3A610}.Debug|Any CPU.ActiveCfg = Debug|Any CPU
		{5360428D-5598-4EA3-B822-13130AA3A610}.Debug|Any CPU.Build.0 = Debug|Any CPU
		{5360428D-5598-4EA3-B822-13130AA3A610}.Release|Any CPU.ActiveCfg = Release|Any CPU
		{5360428D-5598-4EA3-B822-13130AA3A610}.Release|Any CPU.Build.0 = Release|Any CPU
	EndGlobalSection
	GlobalSection(SolutionProperties) = preSolution
		HideSolutionNode = FALSE
	EndGlobalSection
	GlobalSection(NestedProjects) = preSolution
		{C5836739-26F4-4A14-B9E8-B6C04F3F2792} = {821534B9-33FB-410F-A9C8-746258188E92}
		{D5C2F6E1-26CB-4FDB-B6DE-7B73F383105C} = {65E2E803-97C7-4F82-B267-95DC07ECDC4F}
		{4A53A2EC-9CBD-4866-8E32-E9ACEA5A5EA0} = {7E553160-76DE-4652-B0B2-6E0F53813B2A}
		{D634B0E8-8108-4636-A90D-041F48FCE961} = {8B3EDD69-A336-4D48-BE77-F0E8B518B55D}
		{EA3A3411-8B44-4242-AB84-76253C5B9A35} = {8B3EDD69-A336-4D48-BE77-F0E8B518B55D}
		{F11B76C2-D145-421B-9A70-DED2ECA19574} = {D634B0E8-8108-4636-A90D-041F48FCE961}
		{5360428D-5598-4EA3-B822-13130AA3A610} = {EA3A3411-8B44-4242-AB84-76253C5B9A35}
	EndGlobalSection
	GlobalSection(ExtensibilityGlobals) = postSolution
		SolutionGuid = {14EB8AA4-5841-453C-A3C9-2D9E9AE6235A}
	EndGlobalSection
EndGlobal
